// !$*UTF8*$!
{
	archiveVersion = 1;
	classes = {
	};
	objectVersion = 46;
	objects = {

/* Begin PBXBuildFile section */
		EC53D8831CBE35A400E84853 /* AppDelegate.swift in Sources */ = {isa = PBXBuildFile; fileRef = EC53D8821CBE35A400E84853 /* AppDelegate.swift */; };
		EC53D8851CBE35A400E84853 /* ViewController.swift in Sources */ = {isa = PBXBuildFile; fileRef = EC53D8841CBE35A400E84853 /* ViewController.swift */; };
		EC53D8881CBE35A400E84853 /* Main.storyboard in Resources */ = {isa = PBXBuildFile; fileRef = EC53D8861CBE35A400E84853 /* Main.storyboard */; };
		EC53D88A1CBE35A400E84853 /* Assets.xcassets in Resources */ = {isa = PBXBuildFile; fileRef = EC53D8891CBE35A400E84853 /* Assets.xcassets */; };
		EC53D88D1CBE35A400E84853 /* LaunchScreen.storyboard in Resources */ = {isa = PBXBuildFile; fileRef = EC53D88B1CBE35A400E84853 /* LaunchScreen.storyboard */; };
		EC53D8961CBE35ED00E84853 /* CountingLabel.swift in Sources */ = {isa = PBXBuildFile; fileRef = EC53D8951CBE35ED00E84853 /* CountingLabel.swift */; };
/* End PBXBuildFile section */

/* Begin PBXFileReference section */
		EC53D87F1CBE35A400E84853 /* CountingLabel.app */ = {isa = PBXFileReference; explicitFileType = wrapper.application; includeInIndex = 0; path = CountingLabel.app; sourceTree = BUILT_PRODUCTS_DIR; };
		EC53D8821CBE35A400E84853 /* AppDelegate.swift */ = {isa = PBXFileReference; lastKnownFileType = sourcecode.swift; path = AppDelegate.swift; sourceTree = "<group>"; };
		EC53D8841CBE35A400E84853 /* ViewController.swift */ = {isa = PBXFileReference; lastKnownFileType = sourcecode.swift; path = ViewController.swift; sourceTree = "<group>"; };
		EC53D8871CBE35A400E84853 /* Base */ = {isa = PBXFileReference; lastKnownFileType = file.storyboard; name = Base; path = Base.lproj/Main.storyboard; sourceTree = "<group>"; };
		EC53D8891CBE35A400E84853 /* Assets.xcassets */ = {isa = PBXFileReference; lastKnownFileType = folder.assetcatalog; path = Assets.xcassets; sourceTree = "<group>"; };
		EC53D88C1CBE35A400E84853 /* Base */ = {isa = PBXFileReference; lastKnownFileType = file.storyboard; name = Base; path = Base.lproj/LaunchScreen.storyboard; sourceTree = "<group>"; };
		EC53D88E1CBE35A400E84853 /* Info.plist */ = {isa = PBXFileReference; lastKnownFileType = text.plist.xml; path = Info.plist; sourceTree = "<group>"; };
		EC53D8951CBE35ED00E84853 /* CountingLabel.swift */ = {isa = PBXFileReference; fileEncoding = 4; lastKnownFileType = sourcecode.swift; path = CountingLabel.swift; sourceTree = "<group>"; };
/* End PBXFileReference section */

/* Begin PBXFrameworksBuildPhase section */
		EC53D87C1CBE35A400E84853 /* Frameworks */ = {
			isa = PBXFrameworksBuildPhase;
			buildActionMask = 2147483647;
			files = (
			);
			runOnlyForDeploymentPostprocessing = 0;
		};
/* End PBXFrameworksBuildPhase section */

/* Begin PBXGroup section */
		EC53D8761CBE35A400E84853 = {
			isa = PBXGroup;
			children = (
				EC53D8811CBE35A400E84853 /* CountingLabel */,
				EC53D8801CBE35A400E84853 /* Products */,
			);
			sourceTree = "<group>";
		};
		EC53D8801CBE35A400E84853 /* Products */ = {
			isa = PBXGroup;
			children = (
				EC53D87F1CBE35A400E84853 /* CountingLabel.app */,
			);
			name = Products;
			sourceTree = "<group>";
		};
		EC53D8811CBE35A400E84853 /* CountingLabel */ = {
			isa = PBXGroup;
			children = (
				EC53D8941CBE35D700E84853 /* CountingLabel */,
				EC53D8821CBE35A400E84853 /* AppDelegate.swift */,
				EC53D8841CBE35A400E84853 /* ViewController.swift */,
				EC53D8861CBE35A400E84853 /* Main.storyboard */,
				EC53D8891CBE35A400E84853 /* Assets.xcassets */,
				EC53D88B1CBE35A400E84853 /* LaunchScreen.storyboard */,
				EC53D88E1CBE35A400E84853 /* Info.plist */,
			);
			path = CountingLabel;
			sourceTree = "<group>";
		};
		EC53D8941CBE35D700E84853 /* CountingLabel */ = {
			isa = PBXGroup;
			children = (
				EC53D8951CBE35ED00E84853 /* CountingLabel.swift */,
			);
			name = CountingLabel;
			sourceTree = "<group>";
		};
/* End PBXGroup section */

/* Begin PBXNativeTarget section */
		EC53D87E1CBE35A400E84853 /* CountingLabel */ = {
			isa = PBXNativeTarget;
			buildConfigurationList = EC53D8911CBE35A400E84853 /* Build configuration list for PBXNativeTarget "CountingLabel" */;
			buildPhases = (
				EC53D87B1CBE35A400E84853 /* Sources */,
				EC53D87C1CBE35A400E84853 /* Frameworks */,
				EC53D87D1CBE35A400E84853 /* Resources */,
			);
			buildRules = (
			);
			dependencies = (
			);
			name = CountingLabel;
			productName = CountingLabel;
			productReference = EC53D87F1CBE35A400E84853 /* CountingLabel.app */;
			productType = "com.apple.product-type.application";
		};
/* End PBXNativeTarget section */

/* Begin PBXProject section */
		EC53D8771CBE35A400E84853 /* Project object */ = {
			isa = PBXProject;
			attributes = {
				LastSwiftUpdateCheck = 0730;
				LastUpgradeCheck = 0730;
				ORGANIZATIONNAME = Origheart;
				TargetAttributes = {
					EC53D87E1CBE35A400E84853 = {
						CreatedOnToolsVersion = 7.3;
					};
				};
			};
			buildConfigurationList = EC53D87A1CBE35A400E84853 /* Build configuration list for PBXProject "CountingLabel" */;
			compatibilityVersion = "Xcode 3.2";
			developmentRegion = English;
			hasScannedForEncodings = 0;
			knownRegions = (
				en,
				Base,
			);
			mainGroup = EC53D8761CBE35A400E84853;
			productRefGroup = EC53D8801CBE35A400E84853 /* Products */;
			projectDirPath = "";
			projectRoot = "";
			targets = (
				EC53D87E1CBE35A400E84853 /* CountingLabel */,
			);
		};
/* End PBXProject section */

/* Begin PBXResourcesBuildPhase section */
		EC53D87D1CBE35A400E84853 /* Resources */ = {
			isa = PBXResourcesBuildPhase;
			buildActionMask = 2147483647;
			files = (
				EC53D88D1CBE35A400E84853 /* LaunchScreen.storyboard in Resources */,
				EC53D88A1CBE35A400E84853 /* Assets.xcassets in Resources */,
				EC53D8881CBE35A400E84853 /* Main.storyboard in Resources */,
			);
			runOnlyForDeploymentPostprocessing = 0;
		};
/* End PBXResourcesBuildPhase section */

/* Begin PBXSourcesBuildPhase section */
		EC53D87B1CBE35A400E84853 /* Sources */ = {
			isa = PBXSourcesBuildPhase;
			buildActionMask = 2147483647;
			files = (
				EC53D8851CBE35A400E84853 /* ViewController.swift in Sources */,
				EC53D8961CBE35ED00E84853 /* CountingLabel.swift in Sources */,
				EC53D8831CBE35A400E84853 /* AppDelegate.swift in Sources */,
			);
			runOnlyForDeploymentPostprocessing = 0;
		};
/* End PBXSourcesBuildPhase section */

/* Begin PBXVariantGroup section */
		EC53D8861CBE35A400E84853 /* Main.storyboard */ = {
			isa = PBXVariantGroup;
			children = (
				EC53D8871CBE35A400E84853 /* Base */,
			);
			name = Main.storyboard;
			sourceTree = "<group>";
		};
		EC53D88B1CBE35A400E84853 /* LaunchScreen.storyboard */ = {
			isa = PBXVariantGroup;
			children = (
				EC53D88C1CBE35A400E84853 /* Base */,
			);
			name = LaunchScreen.storyboard;
			sourceTree = "<group>";
		};
/* End PBXVariantGroup section */

/* Begin XCBuildConfiguration section */
		EC53D88F1CBE35A400E84853 /* Debug */ = {
			isa = XCBuildConfiguration;
			buildSettings = {
				ALWAYS_SEARCH_USER_PATHS = NO;
				CLANG_ANALYZER_NONNULL = YES;
				CLANG_CXX_LANGUAGE_STANDARD = "gnu++0x";
				CLANG_CXX_LIBRARY = "libc++";
				CLANG_ENABLE_MODULES = YES;
				CLANG_ENABLE_OBJC_ARC = YES;
				CLANG_WARN_BOOL_CONVERSION = YES;
				CLANG_WARN_CONSTANT_CONVERSION = YES;
				CLANG_WARN_DIRECT_OBJC_ISA_USAGE = YES_ERROR;
				CLANG_WARN_EMPTY_BODY = YES;
				CLANG_WARN_ENUM_CONVERSION = YES;
				CLANG_WARN_INT_CONVERSION = YES;
				CLANG_WARN_OBJC_ROOT_CLASS = YES_ERROR;
				CLANG_WARN_UNREACHABLE_CODE = YES;
				CLANG_WARN__DUPLICATE_METHOD_MATCH = YES;
				"CODE_SIGN_IDENTITY[sdk=iphoneos*]" = "iPhone Developer";
				COPY_PHASE_STRIP = NO;
				DEBUG_INFORMATION_FORMAT = dwarf;
				ENABLE_STRICT_OBJC_MSGSEND = YES;
				ENABLE_TESTABILITY = YES;
				GCC_C_LANGUAGE_STANDARD = gnu99;
				GCC_DYNAMIC_NO_PIC = NO;
				GCC_NO_COMMON_BLOCKS = YES;
				GCC_OPTIMIZATION_LEVEL = 0;
				GCC_PREPROCESSOR_DEFINITIONS = (
					"DEBUG=1",
					"$(inherited)",
				);
				GCC_WARN_64_TO_32_BIT_CONVERSION = YES;
				GCC_WARN_ABOUT_RETURN_TYPE = YES_ERROR;
				GCC_WARN_UNDECLARED_SELECTOR = YES;
				GCC_WARN_UNINITIALIZED_AUTOS = YES_AGGRESSIVE;
				GCC_WARN_UNUSED_FUNCTION = YES;
				GCC_WARN_UNUSED_VARIABLE = YES;
				IPHONEOS_DEPLOYMENT_TARGET = 9.3;
				MTL_ENABLE_DEBUG_INFO = YES;
				ONLY_ACTIVE_ARCH = YES;
				SDKROOT = iphoneos;
				SWIFT_OPTIMIZATION_LEVEL = "-Onone";
				TARGETED_DEVICE_FAMILY = "1,2";
			};
			name = Debug;
		};
		EC53D8901CBE35A400E84853 /* Release */ = {
			isa = XCBuildConfiguration;
			buildSettings = {
				ALWAYS_SEARCH_USER_PATHS = NO;
				CLANG_ANALYZER_NONNULL = YES;
				CLANG_CXX_LANGUAGE_STANDARD = "gnu++0x";
				CLANG_CXX_LIBRARY = "libc++";
				CLANG_ENABLE_MODULES = YES;
				CLANG_ENABLE_OBJC_ARC = YES;
				CLANG_WARN_BOOL_CONVERSION = YES;
				CLANG_WARN_CONSTANT_CONVERSION = YES;
				CLANG_WARN_DIRECT_OBJC_ISA_USAGE = YES_ERROR;
				CLANG_WARN_EMPTY_BODY = YES;
				CLANG_WARN_ENUM_CONVERSION = YES;
				CLANG_WARN_INT_CONVERSION = YES;
				CLANG_WARN_OBJC_ROOT_CLASS = YES_ERROR;
				CLANG_WARN_UNREACHABLE_CODE = YES;
				CLANG_WARN__DUPLICATE_METHOD_MATCH = YES;
				"CODE_SIGN_IDENTITY[sdk=iphoneos*]" = "iPhone Developer";
				COPY_PHASE_STRIP = NO;
				DEBUG_INFORMATION_FORMAT = "dwarf-with-dsym";
				ENABLE_NS_ASSERTIONS = NO;
				ENABLE_STRICT_OBJC_MSGSEND = YES;
				GCC_C_LANGUAGE_STANDARD = gnu99;
				GCC_NO_COMMON_BLOCKS = YES;
				GCC_WARN_64_TO_32_BIT_CONVERSION = YES;
				GCC_WARN_ABOUT_RETURN_TYPE = YES_ERROR;
				GCC_WARN_UNDECLARED_SELECTOR = YES;
				GCC_WARN_UNINITIALIZED_AUTOS = YES_AGGRESSIVE;
				GCC_WARN_UNUSED_FUNCTION = YES;
				GCC_WARN_UNUSED_VARIABLE = YES;
				IPHONEOS_DEPLOYMENT_TARGET = 9.3;
				MTL_ENABLE_DEBUG_INFO = NO;
				SDKROOT = iphoneos;
				TARGETED_DEVICE_FAMILY = "1,2";
				VALIDATE_PRODUCT = YES;
			};
			name = Release;
		};
		EC53D8921CBE35A400E84853 /* Debug */ = {
			isa = XCBuildConfiguration;
			buildSettings = {
				ASSETCATALOG_COMPILER_APPICON_NAME = AppIcon;
				INFOPLIST_FILE = CountingLabel/Info.plist;
				IPHONEOS_DEPLOYMENT_TARGET = 7.0;
				LD_RUNPATH_SEARCH_PATHS = "$(inherited) @executable_path/Frameworks";
				PRODUCT_BUNDLE_IDENTIFIER = com.origheart.CountingLabel;
				PRODUCT_NAME = "$(TARGET_NAME)";
			};
			name = Debug;
		};
		EC53D8931CBE35A400E84853 /* Release */ = {
			isa = XCBuildConfiguration;
			buildSettings = {
				ASSETCATALOG_COMPILER_APPICON_NAME = AppIcon;
				INFOPLIST_FILE = CountingLabel/Info.plist;
				IPHONEOS_DEPLOYMENT_TARGET = 7.0;
				LD_RUNPATH_SEARCH_PATHS = "$(inherited) @executable_path/Frameworks";
				PRODUCT_BUNDLE_IDENTIFIER = com.origheart.CountingLabel;
				PRODUCT_NAME = "$(TARGET_NAME)";
			};
			name = Release;
		};
/* End XCBuildConfiguration section */

/* Begin XCConfigurationList section */
		EC53D87A1CBE35A400E84853 /* Build configuration list for PBXProject "CountingLabel" */ = {
			isa = XCConfigurationList;
			buildConfigurations = (
				EC53D88F1CBE35A400E84853 /* Debug */,
				EC53D8901CBE35A400E84853 /* Release */,
			);
			defaultConfigurationIsVisible = 0;
			defaultConfigurationName = Release;
		};
		EC53D8911CBE35A400E84853 /* Build configuration list for PBXNativeTarget "CountingLabel" */ = {
			isa = XCConfigurationList;
			buildConfigurations = (
				EC53D8921CBE35A400E84853 /* Debug */,
				EC53D8931CBE35A400E84853 /* Release */,
			);
			defaultConfigurationIsVisible = 0;
		};
/* End XCConfigurationList section */
	};
	rootObject = EC53D8771CBE35A400E84853 /* Project object */;
}
